// !$*UTF8*$!
{
	archiveVersion = 1;
	classes = {
	};
	objectVersion = 55;
	objects = {

/* Begin PBXBuildFile section */
		6E007AF328AE9A0800543DAC /* ScrumdingerApp.swift in Sources */ = {isa = PBXBuildFile; fileRef = 6E007AF228AE9A0800543DAC /* ScrumdingerApp.swift */; };
		6E007AF528AE9A0800543DAC /* MeetingView.swift in Sources */ = {isa = PBXBuildFile; fileRef = 6E007AF428AE9A0800543DAC /* MeetingView.swift */; };
		6E007AF728AE9A0900543DAC /* Assets.xcassets in Resources */ = {isa = PBXBuildFile; fileRef = 6E007AF628AE9A0900543DAC /* Assets.xcassets */; };
		6E007AFA28AE9A0A00543DAC /* Preview Assets.xcassets in Resources */ = {isa = PBXBuildFile; fileRef = 6E007AF928AE9A0A00543DAC /* Preview Assets.xcassets */; };
		6E007B0428AE9A0A00543DAC /* ScrumdingerTests.swift in Sources */ = {isa = PBXBuildFile; fileRef = 6E007B0328AE9A0A00543DAC /* ScrumdingerTests.swift */; };
		6E007B0E28AE9A0A00543DAC /* ScrumdingerUITests.swift in Sources */ = {isa = PBXBuildFile; fileRef = 6E007B0D28AE9A0A00543DAC /* ScrumdingerUITests.swift */; };
		6E007B1028AE9A0A00543DAC /* ScrumdingerUITestsLaunchTests.swift in Sources */ = {isa = PBXBuildFile; fileRef = 6E007B0F28AE9A0A00543DAC /* ScrumdingerUITestsLaunchTests.swift */; };
		6E007B1E28B03E7200543DAC /* Theme.swift in Sources */ = {isa = PBXBuildFile; fileRef = 6E007B1D28B03E7200543DAC /* Theme.swift */; };
		6E0F4FB228B1348D0031940D /* DetailView.swift in Sources */ = {isa = PBXBuildFile; fileRef = 6E0F4FB128B1348D0031940D /* DetailView.swift */; };
		6E0F4FB428B2729F0031940D /* DetailEditView.swift in Sources */ = {isa = PBXBuildFile; fileRef = 6E0F4FB328B2729F0031940D /* DetailEditView.swift */; };
		6E0F4FB628B29A810031940D /* ThemeView.swift in Sources */ = {isa = PBXBuildFile; fileRef = 6E0F4FB528B29A810031940D /* ThemeView.swift */; };
		6E0F4FB828B29D4D0031940D /* ThemePickerView.swift in Sources */ = {isa = PBXBuildFile; fileRef = 6E0F4FB728B29D4D0031940D /* ThemePickerView.swift */; };
		6E0F4FBA28B53FF30031940D /* MeetingHeaderView.swift in Sources */ = {isa = PBXBuildFile; fileRef = 6E0F4FB928B53FF30031940D /* MeetingHeaderView.swift */; };
		6E12C4AE28B0DB5800DF5FE4 /* DailyScrum.swift in Sources */ = {isa = PBXBuildFile; fileRef = 6E12C4AD28B0DB5800DF5FE4 /* DailyScrum.swift */; };
		6E12C4B228B0DC7800DF5FE4 /* CardView.swift in Sources */ = {isa = PBXBuildFile; fileRef = 6E12C4B128B0DC7800DF5FE4 /* CardView.swift */; };
		6E12C4B428B1137100DF5FE4 /* TrailingIconLabelStyle.swift in Sources */ = {isa = PBXBuildFile; fileRef = 6E12C4B328B1137100DF5FE4 /* TrailingIconLabelStyle.swift */; };
		6E12C4B628B1219400DF5FE4 /* ScrumsView.swift in Sources */ = {isa = PBXBuildFile; fileRef = 6E12C4B528B1219400DF5FE4 /* ScrumsView.swift */; };
		6E19FF6628BEB5000053A24F /* ScrumStore.swift in Sources */ = {isa = PBXBuildFile; fileRef = 6E19FF6528BEB5000053A24F /* ScrumStore.swift */; };
		6E866A8928BA2C8E000AD476 /* ScrumProgressViewStyle.swift in Sources */ = {isa = PBXBuildFile; fileRef = 6E866A8828BA2C8E000AD476 /* ScrumProgressViewStyle.swift */; };
		6E866A8B28BA3528000AD476 /* ScrumTimer.swift in Sources */ = {isa = PBXBuildFile; fileRef = 6E866A8A28BA3528000AD476 /* ScrumTimer.swift */; };
		6E866A8D28BA3FE4000AD476 /* MeetingFooterView.swift in Sources */ = {isa = PBXBuildFile; fileRef = 6E866A8C28BA3FE4000AD476 /* MeetingFooterView.swift */; };
		6E866A8F28BA6688000AD476 /* AVPlayer+Ding.swift in Sources */ = {isa = PBXBuildFile; fileRef = 6E866A8E28BA6688000AD476 /* AVPlayer+Ding.swift */; };
		6E866A9128BA66A1000AD476 /* ding.wav in Resources */ = {isa = PBXBuildFile; fileRef = 6E866A9028BA66A1000AD476 /* ding.wav */; };
		6E866A9828BD64CB000AD476 /* History.swift in Sources */ = {isa = PBXBuildFile; fileRef = 6E866A9728BD64CB000AD476 /* History.swift */; };
/* End PBXBuildFile section */

/* Begin PBXContainerItemProxy section */
		6E007B0028AE9A0A00543DAC /* PBXContainerItemProxy */ = {
			isa = PBXContainerItemProxy;
			containerPortal = 6E007AE728AE9A0800543DAC /* Project object */;
			proxyType = 1;
			remoteGlobalIDString = 6E007AEE28AE9A0800543DAC;
			remoteInfo = Scrumdinger;
		};
		6E007B0A28AE9A0A00543DAC /* PBXContainerItemProxy */ = {
			isa = PBXContainerItemProxy;
			containerPortal = 6E007AE728AE9A0800543DAC /* Project object */;
			proxyType = 1;
			remoteGlobalIDString = 6E007AEE28AE9A0800543DAC;
			remoteInfo = Scrumdinger;
		};
/* End PBXContainerItemProxy section */

/* Begin PBXFileReference section */
		6E007AEF28AE9A0800543DAC /* Scrumdinger.app */ = {isa = PBXFileReference; explicitFileType = wrapper.application; includeInIndex = 0; path = Scrumdinger.app; sourceTree = BUILT_PRODUCTS_DIR; };
		6E007AF228AE9A0800543DAC /* ScrumdingerApp.swift */ = {isa = PBXFileReference; lastKnownFileType = sourcecode.swift; path = ScrumdingerApp.swift; sourceTree = "<group>"; };
		6E007AF428AE9A0800543DAC /* MeetingView.swift */ = {isa = PBXFileReference; lastKnownFileType = sourcecode.swift; path = MeetingView.swift; sourceTree = "<group>"; };
		6E007AF628AE9A0900543DAC /* Assets.xcassets */ = {isa = PBXFileReference; lastKnownFileType = folder.assetcatalog; path = Assets.xcassets; sourceTree = "<group>"; };
		6E007AF928AE9A0A00543DAC /* Preview Assets.xcassets */ = {isa = PBXFileReference; lastKnownFileType = folder.assetcatalog; path = "Preview Assets.xcassets"; sourceTree = "<group>"; };
		6E007AFF28AE9A0A00543DAC /* ScrumdingerTests.xctest */ = {isa = PBXFileReference; explicitFileType = wrapper.cfbundle; includeInIndex = 0; path = ScrumdingerTests.xctest; sourceTree = BUILT_PRODUCTS_DIR; };
		6E007B0328AE9A0A00543DAC /* ScrumdingerTests.swift */ = {isa = PBXFileReference; lastKnownFileType = sourcecode.swift; path = ScrumdingerTests.swift; sourceTree = "<group>"; };
		6E007B0928AE9A0A00543DAC /* ScrumdingerUITests.xctest */ = {isa = PBXFileReference; explicitFileType = wrapper.cfbundle; includeInIndex = 0; path = ScrumdingerUITests.xctest; sourceTree = BUILT_PRODUCTS_DIR; };
		6E007B0D28AE9A0A00543DAC /* ScrumdingerUITests.swift */ = {isa = PBXFileReference; lastKnownFileType = sourcecode.swift; path = ScrumdingerUITests.swift; sourceTree = "<group>"; };
		6E007B0F28AE9A0A00543DAC /* ScrumdingerUITestsLaunchTests.swift */ = {isa = PBXFileReference; lastKnownFileType = sourcecode.swift; path = ScrumdingerUITestsLaunchTests.swift; sourceTree = "<group>"; };
		6E007B1D28B03E7200543DAC /* Theme.swift */ = {isa = PBXFileReference; lastKnownFileType = sourcecode.swift; path = Theme.swift; sourceTree = "<group>"; };
		6E0F4FB128B1348D0031940D /* DetailView.swift */ = {isa = PBXFileReference; lastKnownFileType = sourcecode.swift; path = DetailView.swift; sourceTree = "<group>"; };
		6E0F4FB328B2729F0031940D /* DetailEditView.swift */ = {isa = PBXFileReference; lastKnownFileType = sourcecode.swift; path = DetailEditView.swift; sourceTree = "<group>"; };
		6E0F4FB528B29A810031940D /* ThemeView.swift */ = {isa = PBXFileReference; lastKnownFileType = sourcecode.swift; path = ThemeView.swift; sourceTree = "<group>"; };
		6E0F4FB728B29D4D0031940D /* ThemePickerView.swift */ = {isa = PBXFileReference; lastKnownFileType = sourcecode.swift; path = ThemePickerView.swift; sourceTree = "<group>"; };
		6E0F4FB928B53FF30031940D /* MeetingHeaderView.swift */ = {isa = PBXFileReference; lastKnownFileType = sourcecode.swift; path = MeetingHeaderView.swift; sourceTree = "<group>"; };
		6E12C4AD28B0DB5800DF5FE4 /* DailyScrum.swift */ = {isa = PBXFileReference; lastKnownFileType = sourcecode.swift; path = DailyScrum.swift; sourceTree = "<group>"; };
		6E12C4B128B0DC7800DF5FE4 /* CardView.swift */ = {isa = PBXFileReference; lastKnownFileType = sourcecode.swift; path = CardView.swift; sourceTree = "<group>"; };
		6E12C4B328B1137100DF5FE4 /* TrailingIconLabelStyle.swift */ = {isa = PBXFileReference; lastKnownFileType = sourcecode.swift; path = TrailingIconLabelStyle.swift; sourceTree = "<group>"; };
		6E12C4B528B1219400DF5FE4 /* ScrumsView.swift */ = {isa = PBXFileReference; lastKnownFileType = sourcecode.swift; path = ScrumsView.swift; sourceTree = "<group>"; };
		6E19FF6528BEB5000053A24F /* ScrumStore.swift */ = {isa = PBXFileReference; lastKnownFileType = sourcecode.swift; path = ScrumStore.swift; sourceTree = "<group>"; };
		6E866A8828BA2C8E000AD476 /* ScrumProgressViewStyle.swift */ = {isa = PBXFileReference; lastKnownFileType = sourcecode.swift; path = ScrumProgressViewStyle.swift; sourceTree = "<group>"; };
		6E866A8A28BA3528000AD476 /* ScrumTimer.swift */ = {isa = PBXFileReference; fileEncoding = 4; lastKnownFileType = sourcecode.swift; path = ScrumTimer.swift; sourceTree = "<group>"; };
		6E866A8C28BA3FE4000AD476 /* MeetingFooterView.swift */ = {isa = PBXFileReference; lastKnownFileType = sourcecode.swift; path = MeetingFooterView.swift; sourceTree = "<group>"; };
		6E866A8E28BA6688000AD476 /* AVPlayer+Ding.swift */ = {isa = PBXFileReference; fileEncoding = 4; lastKnownFileType = sourcecode.swift; path = "AVPlayer+Ding.swift"; sourceTree = "<group>"; };
		6E866A9028BA66A1000AD476 /* ding.wav */ = {isa = PBXFileReference; lastKnownFileType = audio.wav; path = ding.wav; sourceTree = "<group>"; };
		6E866A9728BD64CB000AD476 /* History.swift */ = {isa = PBXFileReference; lastKnownFileType = sourcecode.swift; path = History.swift; sourceTree = "<group>"; };
/* End PBXFileReference section */

/* Begin PBXFrameworksBuildPhase section */
		6E007AEC28AE9A0800543DAC /* Frameworks */ = {
			isa = PBXFrameworksBuildPhase;
			buildActionMask = 2147483647;
			files = (
			);
			runOnlyForDeploymentPostprocessing = 0;
		};
		6E007AFC28AE9A0A00543DAC /* Frameworks */ = {
			isa = PBXFrameworksBuildPhase;
			buildActionMask = 2147483647;
			files = (
			);
			runOnlyForDeploymentPostprocessing = 0;
		};
		6E007B0628AE9A0A00543DAC /* Frameworks */ = {
			isa = PBXFrameworksBuildPhase;
			buildActionMask = 2147483647;
			files = (
			);
			runOnlyForDeploymentPostprocessing = 0;
		};
/* End PBXFrameworksBuildPhase section */

/* Begin PBXGroup section */
		6E007AE628AE9A0800543DAC = {
			isa = PBXGroup;
			children = (
				6E007AF128AE9A0800543DAC /* Scrumdinger */,
				6E007B0228AE9A0A00543DAC /* ScrumdingerTests */,
				6E007B0C28AE9A0A00543DAC /* ScrumdingerUITests */,
				6E007AF028AE9A0800543DAC /* Products */,
			);
			sourceTree = "<group>";
		};
		6E007AF028AE9A0800543DAC /* Products */ = {
			isa = PBXGroup;
			children = (
				6E007AEF28AE9A0800543DAC /* Scrumdinger.app */,
				6E007AFF28AE9A0A00543DAC /* ScrumdingerTests.xctest */,
				6E007B0928AE9A0A00543DAC /* ScrumdingerUITests.xctest */,
			);
			name = Products;
			sourceTree = "<group>";
		};
		6E007AF128AE9A0800543DAC /* Scrumdinger */ = {
			isa = PBXGroup;
			children = (
				6E007AF228AE9A0800543DAC /* ScrumdingerApp.swift */,
				6E866A9628BA8B5B000AD476 /* Theme */,
				6E866A9528BA8B47000AD476 /* Scrums */,
				6E866A9428BA8B3B000AD476 /* Detail */,
				6E866A9328BA8B1E000AD476 /* Meeting */,
				6E866A9228BA8B0B000AD476 /* Styles */,
				6E866A9028BA66A1000AD476 /* ding.wav */,
				6E007AF628AE9A0900543DAC /* Assets.xcassets */,
				6E007B1C28B03E6300543DAC /* Model */,
				6E007AF828AE9A0A00543DAC /* Preview Content */,
			);
			path = Scrumdinger;
			sourceTree = "<group>";
		};
		6E007AF828AE9A0A00543DAC /* Preview Content */ = {
			isa = PBXGroup;
			children = (
				6E007AF928AE9A0A00543DAC /* Preview Assets.xcassets */,
			);
			path = "Preview Content";
			sourceTree = "<group>";
		};
		6E007B0228AE9A0A00543DAC /* ScrumdingerTests */ = {
			isa = PBXGroup;
			children = (
				6E007B0328AE9A0A00543DAC /* ScrumdingerTests.swift */,
			);
			path = ScrumdingerTests;
			sourceTree = "<group>";
		};
		6E007B0C28AE9A0A00543DAC /* ScrumdingerUITests */ = {
			isa = PBXGroup;
			children = (
				6E007B0D28AE9A0A00543DAC /* ScrumdingerUITests.swift */,
				6E007B0F28AE9A0A00543DAC /* ScrumdingerUITestsLaunchTests.swift */,
			);
			path = ScrumdingerUITests;
			sourceTree = "<group>";
		};
		6E007B1C28B03E6300543DAC /* Model */ = {
			isa = PBXGroup;
			children = (
				6E866A8E28BA6688000AD476 /* AVPlayer+Ding.swift */,
				6E866A8A28BA3528000AD476 /* ScrumTimer.swift */,
				6E007B1D28B03E7200543DAC /* Theme.swift */,
				6E12C4AD28B0DB5800DF5FE4 /* DailyScrum.swift */,
				6E866A9728BD64CB000AD476 /* History.swift */,
				6E19FF6528BEB5000053A24F /* ScrumStore.swift */,
			);
			path = Model;
			sourceTree = "<group>";
		};
		6E866A9228BA8B0B000AD476 /* Styles */ = {
			isa = PBXGroup;
			children = (
				6E12C4B328B1137100DF5FE4 /* TrailingIconLabelStyle.swift */,
				6E866A8828BA2C8E000AD476 /* ScrumProgressViewStyle.swift */,
			);
			path = Styles;
			sourceTree = "<group>";
		};
		6E866A9328BA8B1E000AD476 /* Meeting */ = {
			isa = PBXGroup;
			children = (
				6E007AF428AE9A0800543DAC /* MeetingView.swift */,
				6E866A8C28BA3FE4000AD476 /* MeetingFooterView.swift */,
				6E0F4FB928B53FF30031940D /* MeetingHeaderView.swift */,
			);
			path = Meeting;
			sourceTree = "<group>";
		};
		6E866A9428BA8B3B000AD476 /* Detail */ = {
			isa = PBXGroup;
			children = (
				6E0F4FB328B2729F0031940D /* DetailEditView.swift */,
				6E0F4FB128B1348D0031940D /* DetailView.swift */,
			);
			path = Detail;
			sourceTree = "<group>";
		};
		6E866A9528BA8B47000AD476 /* Scrums */ = {
			isa = PBXGroup;
			children = (
				6E12C4B528B1219400DF5FE4 /* ScrumsView.swift */,
				6E12C4B128B0DC7800DF5FE4 /* CardView.swift */,
			);
			path = Scrums;
			sourceTree = "<group>";
		};
		6E866A9628BA8B5B000AD476 /* Theme */ = {
			isa = PBXGroup;
			children = (
				6E0F4FB528B29A810031940D /* ThemeView.swift */,
				6E0F4FB728B29D4D0031940D /* ThemePickerView.swift */,
			);
			path = Theme;
			sourceTree = "<group>";
		};
/* End PBXGroup section */

/* Begin PBXNativeTarget section */
		6E007AEE28AE9A0800543DAC /* Scrumdinger */ = {
			isa = PBXNativeTarget;
			buildConfigurationList = 6E007B1328AE9A0A00543DAC /* Build configuration list for PBXNativeTarget "Scrumdinger" */;
			buildPhases = (
				6E007AEB28AE9A0800543DAC /* Sources */,
				6E007AEC28AE9A0800543DAC /* Frameworks */,
				6E007AED28AE9A0800543DAC /* Resources */,
			);
			buildRules = (
			);
			dependencies = (
			);
			name = Scrumdinger;
			productName = Scrumdinger;
			productReference = 6E007AEF28AE9A0800543DAC /* Scrumdinger.app */;
			productType = "com.apple.product-type.application";
		};
		6E007AFE28AE9A0A00543DAC /* ScrumdingerTests */ = {
			isa = PBXNativeTarget;
			buildConfigurationList = 6E007B1628AE9A0A00543DAC /* Build configuration list for PBXNativeTarget "ScrumdingerTests" */;
			buildPhases = (
				6E007AFB28AE9A0A00543DAC /* Sources */,
				6E007AFC28AE9A0A00543DAC /* Frameworks */,
				6E007AFD28AE9A0A00543DAC /* Resources */,
			);
			buildRules = (
			);
			dependencies = (
				6E007B0128AE9A0A00543DAC /* PBXTargetDependency */,
			);
			name = ScrumdingerTests;
			productName = ScrumdingerTests;
			productReference = 6E007AFF28AE9A0A00543DAC /* ScrumdingerTests.xctest */;
			productType = "com.apple.product-type.bundle.unit-test";
		};
		6E007B0828AE9A0A00543DAC /* ScrumdingerUITests */ = {
			isa = PBXNativeTarget;
			buildConfigurationList = 6E007B1928AE9A0A00543DAC /* Build configuration list for PBXNativeTarget "ScrumdingerUITests" */;
			buildPhases = (
				6E007B0528AE9A0A00543DAC /* Sources */,
				6E007B0628AE9A0A00543DAC /* Frameworks */,
				6E007B0728AE9A0A00543DAC /* Resources */,
			);
			buildRules = (
			);
			dependencies = (
				6E007B0B28AE9A0A00543DAC /* PBXTargetDependency */,
			);
			name = ScrumdingerUITests;
			productName = ScrumdingerUITests;
			productReference = 6E007B0928AE9A0A00543DAC /* ScrumdingerUITests.xctest */;
			productType = "com.apple.product-type.bundle.ui-testing";
		};
/* End PBXNativeTarget section */

/* Begin PBXProject section */
		6E007AE728AE9A0800543DAC /* Project object */ = {
			isa = PBXProject;
			attributes = {
				BuildIndependentTargetsInParallel = 1;
				LastSwiftUpdateCheck = 1340;
				LastUpgradeCheck = 1340;
				TargetAttributes = {
					6E007AEE28AE9A0800543DAC = {
						CreatedOnToolsVersion = 13.4.1;
					};
					6E007AFE28AE9A0A00543DAC = {
						CreatedOnToolsVersion = 13.4.1;
						TestTargetID = 6E007AEE28AE9A0800543DAC;
					};
					6E007B0828AE9A0A00543DAC = {
						CreatedOnToolsVersion = 13.4.1;
						TestTargetID = 6E007AEE28AE9A0800543DAC;
					};
				};
			};
			buildConfigurationList = 6E007AEA28AE9A0800543DAC /* Build configuration list for PBXProject "Scrumdinger" */;
			compatibilityVersion = "Xcode 13.0";
			developmentRegion = en;
			hasScannedForEncodings = 0;
			knownRegions = (
				en,
				Base,
			);
			mainGroup = 6E007AE628AE9A0800543DAC;
			productRefGroup = 6E007AF028AE9A0800543DAC /* Products */;
			projectDirPath = "";
			projectRoot = "";
			targets = (
				6E007AEE28AE9A0800543DAC /* Scrumdinger */,
				6E007AFE28AE9A0A00543DAC /* ScrumdingerTests */,
				6E007B0828AE9A0A00543DAC /* ScrumdingerUITests */,
			);
		};
/* End PBXProject section */

/* Begin PBXResourcesBuildPhase section */
		6E007AED28AE9A0800543DAC /* Resources */ = {
			isa = PBXResourcesBuildPhase;
			buildActionMask = 2147483647;
			files = (
				6E866A9128BA66A1000AD476 /* ding.wav in Resources */,
				6E007AFA28AE9A0A00543DAC /* Preview Assets.xcassets in Resources */,
				6E007AF728AE9A0900543DAC /* Assets.xcassets in Resources */,
			);
			runOnlyForDeploymentPostprocessing = 0;
		};
		6E007AFD28AE9A0A00543DAC /* Resources */ = {
			isa = PBXResourcesBuildPhase;
			buildActionMask = 2147483647;
			files = (
			);
			runOnlyForDeploymentPostprocessing = 0;
		};
		6E007B0728AE9A0A00543DAC /* Resources */ = {
			isa = PBXResourcesBuildPhase;
			buildActionMask = 2147483647;
			files = (
			);
			runOnlyForDeploymentPostprocessing = 0;
		};
/* End PBXResourcesBuildPhase section */

/* Begin PBXSourcesBuildPhase section */
		6E007AEB28AE9A0800543DAC /* Sources */ = {
			isa = PBXSourcesBuildPhase;
			buildActionMask = 2147483647;
			files = (
				6E866A9828BD64CB000AD476 /* History.swift in Sources */,
				6E12C4AE28B0DB5800DF5FE4 /* DailyScrum.swift in Sources */,
				6E866A8928BA2C8E000AD476 /* ScrumProgressViewStyle.swift in Sources */,
				6E866A8D28BA3FE4000AD476 /* MeetingFooterView.swift in Sources */,
				6E19FF6628BEB5000053A24F /* ScrumStore.swift in Sources */,
				6E866A8B28BA3528000AD476 /* ScrumTimer.swift in Sources */,
				6E0F4FB228B1348D0031940D /* DetailView.swift in Sources */,
				6E0F4FB428B2729F0031940D /* DetailEditView.swift in Sources */,
				6E0F4FBA28B53FF30031940D /* MeetingHeaderView.swift in Sources */,
				6E007B1E28B03E7200543DAC /* Theme.swift in Sources */,
				6E12C4B428B1137100DF5FE4 /* TrailingIconLabelStyle.swift in Sources */,
				6E0F4FB828B29D4D0031940D /* ThemePickerView.swift in Sources */,
				6E12C4B628B1219400DF5FE4 /* ScrumsView.swift in Sources */,
				6E007AF528AE9A0800543DAC /* MeetingView.swift in Sources */,
				6E007AF328AE9A0800543DAC /* ScrumdingerApp.swift in Sources */,
				6E0F4FB628B29A810031940D /* ThemeView.swift in Sources */,
				6E12C4B228B0DC7800DF5FE4 /* CardView.swift in Sources */,
				6E866A8F28BA6688000AD476 /* AVPlayer+Ding.swift in Sources */,
			);
			runOnlyForDeploymentPostprocessing = 0;
		};
		6E007AFB28AE9A0A00543DAC /* Sources */ = {
			isa = PBXSourcesBuildPhase;
			buildActionMask = 2147483647;
			files = (
				6E007B0428AE9A0A00543DAC /* ScrumdingerTests.swift in Sources */,
			);
			runOnlyForDeploymentPostprocessing = 0;
		};
		6E007B0528AE9A0A00543DAC /* Sources */ = {
			isa = PBXSourcesBuildPhase;
			buildActionMask = 2147483647;
			files = (
				6E007B1028AE9A0A00543DAC /* ScrumdingerUITestsLaunchTests.swift in Sources */,
				6E007B0E28AE9A0A00543DAC /* ScrumdingerUITests.swift in Sources */,
			);
			runOnlyForDeploymentPostprocessing = 0;
		};
/* End PBXSourcesBuildPhase section */

/* Begin PBXTargetDependency section */
		6E007B0128AE9A0A00543DAC /* PBXTargetDependency */ = {
			isa = PBXTargetDependency;
			target = 6E007AEE28AE9A0800543DAC /* Scrumdinger */;
			targetProxy = 6E007B0028AE9A0A00543DAC /* PBXContainerItemProxy */;
		};
		6E007B0B28AE9A0A00543DAC /* PBXTargetDependency */ = {
			isa = PBXTargetDependency;
			target = 6E007AEE28AE9A0800543DAC /* Scrumdinger */;
			targetProxy = 6E007B0A28AE9A0A00543DAC /* PBXContainerItemProxy */;
		};
/* End PBXTargetDependency section */

/* Begin XCBuildConfiguration section */
		6E007B1128AE9A0A00543DAC /* Debug */ = {
			isa = XCBuildConfiguration;
			buildSettings = {
				ALWAYS_SEARCH_USER_PATHS = NO;
				CLANG_ANALYZER_NONNULL = YES;
				CLANG_ANALYZER_NUMBER_OBJECT_CONVERSION = YES_AGGRESSIVE;
				CLANG_CXX_LANGUAGE_STANDARD = "gnu++17";
				CLANG_ENABLE_MODULES = YES;
				CLANG_ENABLE_OBJC_ARC = YES;
				CLANG_ENABLE_OBJC_WEAK = YES;
				CLANG_WARN_BLOCK_CAPTURE_AUTORELEASING = YES;
				CLANG_WARN_BOOL_CONVERSION = YES;
				CLANG_WARN_COMMA = YES;
				CLANG_WARN_CONSTANT_CONVERSION = YES;
				CLANG_WARN_DEPRECATED_OBJC_IMPLEMENTATIONS = YES;
				CLANG_WARN_DIRECT_OBJC_ISA_USAGE = YES_ERROR;
				CLANG_WARN_DOCUMENTATION_COMMENTS = YES;
				CLANG_WARN_EMPTY_BODY = YES;
				CLANG_WARN_ENUM_CONVERSION = YES;
				CLANG_WARN_INFINITE_RECURSION = YES;
				CLANG_WARN_INT_CONVERSION = YES;
				CLANG_WARN_NON_LITERAL_NULL_CONVERSION = YES;
				CLANG_WARN_OBJC_IMPLICIT_RETAIN_SELF = YES;
				CLANG_WARN_OBJC_LITERAL_CONVERSION = YES;
				CLANG_WARN_OBJC_ROOT_CLASS = YES_ERROR;
				CLANG_WARN_QUOTED_INCLUDE_IN_FRAMEWORK_HEADER = YES;
				CLANG_WARN_RANGE_LOOP_ANALYSIS = YES;
				CLANG_WARN_STRICT_PROTOTYPES = YES;
				CLANG_WARN_SUSPICIOUS_MOVE = YES;
				CLANG_WARN_UNGUARDED_AVAILABILITY = YES_AGGRESSIVE;
				CLANG_WARN_UNREACHABLE_CODE = YES;
				CLANG_WARN__DUPLICATE_METHOD_MATCH = YES;
				COPY_PHASE_STRIP = NO;
				DEBUG_INFORMATION_FORMAT = dwarf;
				ENABLE_STRICT_OBJC_MSGSEND = YES;
				ENABLE_TESTABILITY = YES;
				GCC_C_LANGUAGE_STANDARD = gnu11;
				GCC_DYNAMIC_NO_PIC = NO;
				GCC_NO_COMMON_BLOCKS = YES;
				GCC_OPTIMIZATION_LEVEL = 0;
				GCC_PREPROCESSOR_DEFINITIONS = (
					"DEBUG=1",
					"$(inherited)",
				);
				GCC_WARN_64_TO_32_BIT_CONVERSION = YES;
				GCC_WARN_ABOUT_RETURN_TYPE = YES_ERROR;
				GCC_WARN_UNDECLARED_SELECTOR = YES;
				GCC_WARN_UNINITIALIZED_AUTOS = YES_AGGRESSIVE;
				GCC_WARN_UNUSED_FUNCTION = YES;
				GCC_WARN_UNUSED_VARIABLE = YES;
				IPHONEOS_DEPLOYMENT_TARGET = 15.5;
				MTL_ENABLE_DEBUG_INFO = INCLUDE_SOURCE;
				MTL_FAST_MATH = YES;
				ONLY_ACTIVE_ARCH = YES;
				SDKROOT = iphoneos;
				SWIFT_ACTIVE_COMPILATION_CONDITIONS = DEBUG;
				SWIFT_OPTIMIZATION_LEVEL = "-Onone";
			};
			name = Debug;
		};
		6E007B1228AE9A0A00543DAC /* Release */ = {
			isa = XCBuildConfiguration;
			buildSettings = {
				ALWAYS_SEARCH_USER_PATHS = NO;
				CLANG_ANALYZER_NONNULL = YES;
				CLANG_ANALYZER_NUMBER_OBJECT_CONVERSION = YES_AGGRESSIVE;
				CLANG_CXX_LANGUAGE_STANDARD = "gnu++17";
				CLANG_ENABLE_MODULES = YES;
				CLANG_ENABLE_OBJC_ARC = YES;
				CLANG_ENABLE_OBJC_WEAK = YES;
				CLANG_WARN_BLOCK_CAPTURE_AUTORELEASING = YES;
				CLANG_WARN_BOOL_CONVERSION = YES;
				CLANG_WARN_COMMA = YES;
				CLANG_WARN_CONSTANT_CONVERSION = YES;
				CLANG_WARN_DEPRECATED_OBJC_IMPLEMENTATIONS = YES;
				CLANG_WARN_DIRECT_OBJC_ISA_USAGE = YES_ERROR;
				CLANG_WARN_DOCUMENTATION_COMMENTS = YES;
				CLANG_WARN_EMPTY_BODY = YES;
				CLANG_WARN_ENUM_CONVERSION = YES;
				CLANG_WARN_INFINITE_RECURSION = YES;
				CLANG_WARN_INT_CONVERSION = YES;
				CLANG_WARN_NON_LITERAL_NULL_CONVERSION = YES;
				CLANG_WARN_OBJC_IMPLICIT_RETAIN_SELF = YES;
				CLANG_WARN_OBJC_LITERAL_CONVERSION = YES;
				CLANG_WARN_OBJC_ROOT_CLASS = YES_ERROR;
				CLANG_WARN_QUOTED_INCLUDE_IN_FRAMEWORK_HEADER = YES;
				CLANG_WARN_RANGE_LOOP_ANALYSIS = YES;
				CLANG_WARN_STRICT_PROTOTYPES = YES;
				CLANG_WARN_SUSPICIOUS_MOVE = YES;
				CLANG_WARN_UNGUARDED_AVAILABILITY = YES_AGGRESSIVE;
				CLANG_WARN_UNREACHABLE_CODE = YES;
				CLANG_WARN__DUPLICATE_METHOD_MATCH = YES;
				COPY_PHASE_STRIP = NO;
				DEBUG_INFORMATION_FORMAT = "dwarf-with-dsym";
				ENABLE_NS_ASSERTIONS = NO;
				ENABLE_STRICT_OBJC_MSGSEND = YES;
				GCC_C_LANGUAGE_STANDARD = gnu11;
				GCC_NO_COMMON_BLOCKS = YES;
				GCC_WARN_64_TO_32_BIT_CONVERSION = YES;
				GCC_WARN_ABOUT_RETURN_TYPE = YES_ERROR;
				GCC_WARN_UNDECLARED_SELECTOR = YES;
				GCC_WARN_UNINITIALIZED_AUTOS = YES_AGGRESSIVE;
				GCC_WARN_UNUSED_FUNCTION = YES;
				GCC_WARN_UNUSED_VARIABLE = YES;
				IPHONEOS_DEPLOYMENT_TARGET = 15.5;
				MTL_ENABLE_DEBUG_INFO = NO;
				MTL_FAST_MATH = YES;
				SDKROOT = iphoneos;
				SWIFT_COMPILATION_MODE = wholemodule;
				SWIFT_OPTIMIZATION_LEVEL = "-O";
				VALIDATE_PRODUCT = YES;
			};
			name = Release;
		};
		6E007B1428AE9A0A00543DAC /* Debug */ = {
			isa = XCBuildConfiguration;
			buildSettings = {
				ASSETCATALOG_COMPILER_APPICON_NAME = AppIcon;
				ASSETCATALOG_COMPILER_GLOBAL_ACCENT_COLOR_NAME = AccentColor;
				CODE_SIGN_STYLE = Automatic;
				CURRENT_PROJECT_VERSION = 1;
				DEVELOPMENT_ASSET_PATHS = "\"Scrumdinger/Preview Content\"";
				DEVELOPMENT_TEAM = PKK38A5A2E;
				ENABLE_PREVIEWS = YES;
				GENERATE_INFOPLIST_FILE = YES;
				INFOPLIST_KEY_UIApplicationSceneManifest_Generation = YES;
				INFOPLIST_KEY_UIApplicationSupportsIndirectInputEvents = YES;
				INFOPLIST_KEY_UILaunchScreen_Generation = YES;
				INFOPLIST_KEY_UISupportedInterfaceOrientations_iPad = "UIInterfaceOrientationPortrait UIInterfaceOrientationPortraitUpsideDown UIInterfaceOrientationLandscapeLeft UIInterfaceOrientationLandscapeRight";
				INFOPLIST_KEY_UISupportedInterfaceOrientations_iPhone = "UIInterfaceOrientationPortrait UIInterfaceOrientationLandscapeLeft UIInterfaceOrientationLandscapeRight";
				LD_RUNPATH_SEARCH_PATHS = (
					"$(inherited)",
					"@executable_path/Frameworks",
				);
				MARKETING_VERSION = 1.0;
				PRODUCT_BUNDLE_IDENTIFIER = com.microeditionbiz.Scrumdinger;
				PRODUCT_NAME = "$(TARGET_NAME)";
				SWIFT_EMIT_LOC_STRINGS = YES;
				SWIFT_VERSION = 5.0;
				TARGETED_DEVICE_FAMILY = "1,2";
			};
			name = Debug;
		};
		6E007B1528AE9A0A00543DAC /* Release */ = {
			isa = XCBuildConfiguration;
			buildSettings = {
				ASSETCATALOG_COMPILER_APPICON_NAME = AppIcon;
				ASSETCATALOG_COMPILER_GLOBAL_ACCENT_COLOR_NAME = AccentColor;
				CODE_SIGN_STYLE = Automatic;
				CURRENT_PROJECT_VERSION = 1;
				DEVELOPMENT_ASSET_PATHS = "\"Scrumdinger/Preview Content\"";
				DEVELOPMENT_TEAM = PKK38A5A2E;
				ENABLE_PREVIEWS = YES;
				GENERATE_INFOPLIST_FILE = YES;
				INFOPLIST_KEY_UIApplicationSceneManifest_Generation = YES;
				INFOPLIST_KEY_UIApplicationSupportsIndirectInputEvents = YES;
				INFOPLIST_KEY_UILaunchScreen_Generation = YES;
				INFOPLIST_KEY_UISupportedInterfaceOrientations_iPad = "UIInterfaceOrientationPortrait UIInterfaceOrientationPortraitUpsideDown UIInterfaceOrientationLandscapeLeft UIInterfaceOrientationLandscapeRight";
				INFOPLIST_KEY_UISupportedInterfaceOrientations_iPhone = "UIInterfaceOrientationPortrait UIInterfaceOrientationLandscapeLeft UIInterfaceOrientationLandscapeRight";
				LD_RUNPATH_SEARCH_PATHS = (
					"$(inherited)",
					"@executable_path/Frameworks",
				);
				MARKETING_VERSION = 1.0;
				PRODUCT_BUNDLE_IDENTIFIER = com.microeditionbiz.Scrumdinger;
				PRODUCT_NAME = "$(TARGET_NAME)";
				SWIFT_EMIT_LOC_STRINGS = YES;
				SWIFT_VERSION = 5.0;
				TARGETED_DEVICE_FAMILY = "1,2";
			};
			name = Release;
		};
		6E007B1728AE9A0A00543DAC /* Debug */ = {
			isa = XCBuildConfiguration;
			buildSettings = {
				ALWAYS_EMBED_SWIFT_STANDARD_LIBRARIES = YES;
				BUNDLE_LOADER = "$(TEST_HOST)";
				CODE_SIGN_STYLE = Automatic;
				CURRENT_PROJECT_VERSION = 1;
				DEVELOPMENT_TEAM = PKK38A5A2E;
				GENERATE_INFOPLIST_FILE = YES;
				IPHONEOS_DEPLOYMENT_TARGET = 15.5;
				MARKETING_VERSION = 1.0;
				PRODUCT_BUNDLE_IDENTIFIER = com.microeditionbiz.ScrumdingerTests;
				PRODUCT_NAME = "$(TARGET_NAME)";
				SWIFT_EMIT_LOC_STRINGS = NO;
				SWIFT_VERSION = 5.0;
				TARGETED_DEVICE_FAMILY = "1,2";
				TEST_HOST = "$(BUILT_PRODUCTS_DIR)/Scrumdinger.app/Scrumdinger";
			};
			name = Debug;
		};
		6E007B1828AE9A0A00543DAC /* Release */ = {
			isa = XCBuildConfiguration;
			buildSettings = {
				ALWAYS_EMBED_SWIFT_STANDARD_LIBRARIES = YES;
				BUNDLE_LOADER = "$(TEST_HOST)";
				CODE_SIGN_STYLE = Automatic;
				CURRENT_PROJECT_VERSION = 1;
				DEVELOPMENT_TEAM = PKK38A5A2E;
				GENERATE_INFOPLIST_FILE = YES;
				IPHONEOS_DEPLOYMENT_TARGET = 15.5;
				MARKETING_VERSION = 1.0;
				PRODUCT_BUNDLE_IDENTIFIER = com.microeditionbiz.ScrumdingerTests;
				PRODUCT_NAME = "$(TARGET_NAME)";
				SWIFT_EMIT_LOC_STRINGS = NO;
				SWIFT_VERSION = 5.0;
				TARGETED_DEVICE_FAMILY = "1,2";
				TEST_HOST = "$(BUILT_PRODUCTS_DIR)/Scrumdinger.app/Scrumdinger";
			};
			name = Release;
		};
		6E007B1A28AE9A0A00543DAC /* Debug */ = {
			isa = XCBuildConfiguration;
			buildSettings = {
				ALWAYS_EMBED_SWIFT_STANDARD_LIBRARIES = YES;
				CODE_SIGN_STYLE = Automatic;
				CURRENT_PROJECT_VERSION = 1;
				DEVELOPMENT_TEAM = PKK38A5A2E;
				GENERATE_INFOPLIST_FILE = YES;
				MARKETING_VERSION = 1.0;
				PRODUCT_BUNDLE_IDENTIFIER = com.microeditionbiz.ScrumdingerUITests;
				PRODUCT_NAME = "$(TARGET_NAME)";
				SWIFT_EMIT_LOC_STRINGS = NO;
				SWIFT_VERSION = 5.0;
				TARGETED_DEVICE_FAMILY = "1,2";
				TEST_TARGET_NAME = Scrumdinger;
			};
			name = Debug;
		};
		6E007B1B28AE9A0A00543DAC /* Release */ = {
			isa = XCBuildConfiguration;
			buildSettings = {
				ALWAYS_EMBED_SWIFT_STANDARD_LIBRARIES = YES;
				CODE_SIGN_STYLE = Automatic;
				CURRENT_PROJECT_VERSION = 1;
				DEVELOPMENT_TEAM = PKK38A5A2E;
				GENERATE_INFOPLIST_FILE = YES;
				MARKETING_VERSION = 1.0;
				PRODUCT_BUNDLE_IDENTIFIER = com.microeditionbiz.ScrumdingerUITests;
				PRODUCT_NAME = "$(TARGET_NAME)";
				SWIFT_EMIT_LOC_STRINGS = NO;
				SWIFT_VERSION = 5.0;
				TARGETED_DEVICE_FAMILY = "1,2";
				TEST_TARGET_NAME = Scrumdinger;
			};
			name = Release;
		};
/* End XCBuildConfiguration section */

/* Begin XCConfigurationList section */
		6E007AEA28AE9A0800543DAC /* Build configuration list for PBXProject "Scrumdinger" */ = {
			isa = XCConfigurationList;
			buildConfigurations = (
				6E007B1128AE9A0A00543DAC /* Debug */,
				6E007B1228AE9A0A00543DAC /* Release */,
			);
			defaultConfigurationIsVisible = 0;
			defaultConfigurationName = Release;
		};
		6E007B1328AE9A0A00543DAC /* Build configuration list for PBXNativeTarget "Scrumdinger" */ = {
			isa = XCConfigurationList;
			buildConfigurations = (
				6E007B1428AE9A0A00543DAC /* Debug */,
				6E007B1528AE9A0A00543DAC /* Release */,
			);
			defaultConfigurationIsVisible = 0;
			defaultConfigurationName = Release;
		};
		6E007B1628AE9A0A00543DAC /* Build configuration list for PBXNativeTarget "ScrumdingerTests" */ = {
			isa = XCConfigurationList;
			buildConfigurations = (
				6E007B1728AE9A0A00543DAC /* Debug */,
				6E007B1828AE9A0A00543DAC /* Release */,
			);
			defaultConfigurationIsVisible = 0;
			defaultConfigurationName = Release;
		};
		6E007B1928AE9A0A00543DAC /* Build configuration list for PBXNativeTarget "ScrumdingerUITests" */ = {
			isa = XCConfigurationList;
			buildConfigurations = (
				6E007B1A28AE9A0A00543DAC /* Debug */,
				6E007B1B28AE9A0A00543DAC /* Release */,
			);
			defaultConfigurationIsVisible = 0;
			defaultConfigurationName = Release;
		};
/* End XCConfigurationList section */
	};
	rootObject = 6E007AE728AE9A0800543DAC /* Project object */;
}
